
Microsoft Visual Studio Solution File, Format Version 12.00
# Visual Studio Version 17
VisualStudioVersion = 17.7.34024.191
MinimumVisualStudioVersion = 10.0.40219.1
Project("{9A19103F-16F7-4668-BE54-9A1E7A4F7556}") = "PizzaBlazor.Server", "Server\PizzaBlazor.Server.csproj", "{AC29018E-BF8E-475A-8978-A386E59CF8D3}"
EndProject
Project("{9A19103F-16F7-4668-BE54-9A1E7A4F7556}") = "PizzaBlazor.Client", "Client\PizzaBlazor.Client.csproj", "{96F03FC9-A546-4EAC-80A9-D2CE2D52AACE}"
EndProject
Project("{9A19103F-16F7-4668-BE54-9A1E7A4F7556}") = "PizzaBlazor.Shared", "Shared\PizzaBlazor.Shared.csproj", "{13DA2FDF-0CA1-4C3D-A58A-1E0253249339}"
EndProject
Global
	GlobalSection(SolutionConfigurationPlatforms) = preSolution
		Debug|Any CPU = Debug|Any CPU
		Release|Any CPU = Release|Any CPU
	EndGlobalSection
	GlobalSection(ProjectConfigurationPlatforms) = postSolution
		{AC29018E-BF8E-475A-8978-A386E59CF8D3}.Debug|Any CPU.ActiveCfg = Debug|Any CPU
		{AC29018E-BF8E-475A-8978-A386E59CF8D3}.Debug|Any CPU.Build.0 = Debug|Any CPU
		{AC29018E-BF8E-475A-8978-A386E59CF8D3}.Release|Any CPU.ActiveCfg = Release|Any CPU
		{AC29018E-BF8E-475A-8978-A386E59CF8D3}.Release|Any CPU.Build.0 = Release|Any CPU
		{96F03FC9-A546-4EAC-80A9-D2CE2D52AACE}.Debug|Any CPU.ActiveCfg = Debug|Any CPU
		{96F03FC9-A546-4EAC-80A9-D2CE2D52AACE}.Debug|Any CPU.Build.0 = Debug|Any CPU
		{96F03FC9-A546-4EAC-80A9-D2CE2D52AACE}.Release|Any CPU.ActiveCfg = Release|Any CPU
		{96F03FC9-A546-4EAC-80A9-D2CE2D52AACE}.Release|Any CPU.Build.0 = Release|Any CPU
		{13DA2FDF-0CA1-4C3D-A58A-1E0253249339}.Debug|Any CPU.ActiveCfg = Debug|Any CPU
		{13DA2FDF-0CA1-4C3D-A58A-1E0253249339}.Debug|Any CPU.Build.0 = Debug|Any CPU
		{13DA2FDF-0CA1-4C3D-A58A-1E0253249339}.Release|Any CPU.ActiveCfg = Release|Any CPU
		{13DA2FDF-0CA1-4C3D-A58A-1E0253249339}.Release|Any CPU.Build.0 = Release|Any CPU
	EndGlobalSection
	GlobalSection(SolutionProperties) = preSolution
		HideSolutionNode = FALSE
	EndGlobalSection
	GlobalSection(ExtensibilityGlobals) = postSolution
		SolutionGuid = {0195448B-D1B0-4B02-9164-8D8E8B5675F9}
	EndGlobalSection
EndGlobal
